
Microsoft Visual Studio Solution File, Format Version 12.00
# Visual Studio Version 16
VisualStudioVersion = 16.0.29411.108
MinimumVisualStudioVersion = 10.0.40219.1
Project("{FAE04EC0-301F-11D3-BF4B-00C04F79EFBC}") = "myCsharp", "myCsharp\myCsharp.csproj", "{02F0D14F-0904-4982-A742-553922680FA0}"
EndProject
Global
	GlobalSection(SolutionConfigurationPlatforms) = preSolution
		Debug|Any CPU = Debug|Any CPU
		Release|Any CPU = Release|Any CPU
	EndGlobalSection
	GlobalSection(ProjectConfigurationPlatforms) = postSolution
		{02F0D14F-0904-4982-A742-553922680FA0}.Debug|Any CPU.ActiveCfg = Debug|Any CPU
		{02F0D14F-0904-4982-A742-553922680FA0}.Debug|Any CPU.Build.0 = Debug|Any CPU
		{02F0D14F-0904-4982-A742-553922680FA0}.Release|Any CPU.ActiveCfg = Release|Any CPU
		{02F0D14F-0904-4982-A742-553922680FA0}.Release|Any CPU.Build.0 = Release|Any CPU
	EndGlobalSection
	GlobalSection(SolutionProperties) = preSolution
		HideSolutionNode = FALSE
	EndGlobalSection
	GlobalSection(ExtensibilityGlobals) = postSolution
		SolutionGuid = {091B2D3A-9BA3-4C4B-97B5-742488D5CB7F}
	EndGlobalSection
EndGlobal
